Microsoft Visual Studio Solution File, Format Version 12.00
# Visual Studio 15
VisualStudioVersion = 15.0.26430.12
MinimumVisualStudioVersion = 10.0.40219.1
Project("{2150E333-8FDC-42A3-9474-1A3956D46DE8}") = "01. Core", "01. Core", "{5898776F-DBF8-4C30-85A3-66401B12016F}"
EndProject
Project("{2150E333-8FDC-42A3-9474-1A3956D46DE8}") = "02. Tests", "02. Tests", "{F3D3C787-7053-411A-96E3-6D4D8A11C983}"
EndProject
Project("{2150E333-8FDC-42A3-9474-1A3956D46DE8}") = "01. Unit Tests", "01. Unit Tests", "{A7A8D928-30D6-4497-8B7D-F233B79A2917}"
EndProject
Project("{2150E333-8FDC-42A3-9474-1A3956D46DE8}") = "samples", "samples", "{EDF687E4-3843-4FB0-9CDC-775E3594D384}"
EndProject
Project("{9A19103F-16F7-4668-BE54-9A1E7A4F7556}") = "WebApiContrib.Core.Concurrency", "src\WebApiContrib.Core.Concurrency\WebApiContrib.Core.Concurrency.csproj", "{8EA9F43D-3B41-40A4-88D7-68AF33F90C55}"
EndProject
Project("{9A19103F-16F7-4668-BE54-9A1E7A4F7556}") = "WebApiContrib.Core.Concurrency.Tests", "tests\WebApiContrib.Core.Concurrency.Tests\WebApiContrib.Core.Concurrency.Tests.csproj", "{FCB0F13A-B412-4340-B077-D3E7A60A9DD7}"
EndProject
Project("{9A19103F-16F7-4668-BE54-9A1E7A4F7556}") = "WebApiContrib.Core.Concurrency.Redis", "src\WebApiContrib.Core.Concurrency.Redis\WebApiContrib.Core.Concurrency.Redis.csproj", "{8571D8F9-0847-46C8-A794-845B331982B7}"
EndProject
Project("{9A19103F-16F7-4668-BE54-9A1E7A4F7556}") = "WebApiContrib.Core.Concurrency.SqlServer", "src\WebApiContrib.Core.Concurrency.SqlServer\WebApiContrib.Core.Concurrency.SqlServer.csproj", "{3751E3BA-0333-4240-899F-2607FB83AB0D}"
EndProject
Project("{9A19103F-16F7-4668-BE54-9A1E7A4F7556}") = "WebApiContrib.Core.Formatter.Bson", "src\WebApiContrib.Core.Formatter.Bson\WebApiContrib.Core.Formatter.Bson.csproj", "{1AEA74F2-9B85-48EB-B52F-71C3A2B22F4C}"
EndProject
Project("{9A19103F-16F7-4668-BE54-9A1E7A4F7556}") = "WebApiContrib.Core", "src\WebApiContrib.Core\WebApiContrib.Core.csproj", "{701AE438-3E82-463F-8C9B-FE5DE7D2A7B1}"
EndProject
Project("{9A19103F-16F7-4668-BE54-9A1E7A4F7556}") = "WebApiContrib.Core.Formatter.Csv", "src\WebApiContrib.Core.Formatter.Csv\WebApiContrib.Core.Formatter.Csv.csproj", "{CD70A2EC-5A70-4C34-9B89-328F906BEE2B}"
EndProject
Project("{9A19103F-16F7-4668-BE54-9A1E7A4F7556}") = "WebApiContrib.Core.Samples", "samples\WebApiContrib.Core.Samples\WebApiContrib.Core.Samples.csproj", "{8179D011-CED0-40FB-98FA-86326A0F8055}"
EndProject
Project("{9A19103F-16F7-4668-BE54-9A1E7A4F7556}") = "WebApiContrib.Core.Formatter.PlainText", "src\WebApiContrib.Core.Formatter.PlainText\WebApiContrib.Core.Formatter.PlainText.csproj", "{31DA6013-7513-41FC-A5FE-0FB444FBAB9C}"
EndProject
Project("{9A19103F-16F7-4668-BE54-9A1E7A4F7556}") = "WebApiContrib.Core.TagHelpers.Markdown", "src\WebApiContrib.Core.TagHelpers.Markdown\WebApiContrib.Core.TagHelpers.Markdown.csproj", "{3EBC421E-AFA7-47F8-B508-80948BBC448A}"
EndProject
Project("{9A19103F-16F7-4668-BE54-9A1E7A4F7556}") = "WebApiContrib.Core.Formatter.Jsonp", "src\WebApiContrib.Core.Formatter.Jsonp\WebApiContrib.Core.Formatter.Jsonp.csproj", "{CD1A5F8F-8468-4EF1-8B3C-EF05420F43EB}"
EndProject
Project("{9A19103F-16F7-4668-BE54-9A1E7A4F7556}") = "WebApiContrib.Core.Samples.Formatter.Jsonp.JQueryClient", "samples\WebApiContrib.Core.Samples.Formatter.Jsonp.JQueryClient\WebApiContrib.Core.Samples.Formatter.Jsonp.JQueryClient.csproj", "{5A3DF1EA-4553-4370-8CD2-6C341CA80755}"
EndProject
Project("{9A19103F-16F7-4668-BE54-9A1E7A4F7556}") = "WebApiContrib.Core.WebPages", "src\WebApiContrib.Core.WebPages\WebApiContrib.Core.WebPages.csproj", "{720B3330-2C57-4D67-9D84-5DC76412F169}"
EndProject
Project("{9A19103F-16F7-4668-BE54-9A1E7A4F7556}") = "WebApiContrib.Core.WebPages.Samples", "samples\WebApiContrib.Core.WebPages.Samples\WebApiContrib.Core.WebPages.Samples.csproj", "{F9AE291E-A6BD-4F53-A73F-678FE0D5BF72}"
EndProject
Project("{9A19103F-16F7-4668-BE54-9A1E7A4F7556}") = "WebApiContrib.Core.Razor", "src\WebApiContrib.Core.Razor\WebApiContrib.Core.Razor.csproj", "{3265E2B5-6679-49F0-8983-B120DE9C8C16}"
EndProject
Project("{9A19103F-16F7-4668-BE54-9A1E7A4F7556}") = "WebApiContrib.Core.Versioning", "src\WebApiContrib.Core.Versioning\WebApiContrib.Core.Versioning.csproj", "{3C24815E-A771-4AAC-BB4B-9C1E8A176899}"
EndProject
Project("{9A19103F-16F7-4668-BE54-9A1E7A4F7556}") = "WebApiContrib.Core.Formatter.MessagePack", "src\WebApiContrib.Core.Formatter.MessagePack\WebApiContrib.Core.Formatter.MessagePack.csproj", "{C5FC3D1B-B331-427C-949B-790A3B66948A}"
EndProject
Project("{9A19103F-16F7-4668-BE54-9A1E7A4F7556}") = "WebApiContrib.Core.MessagePack.Tests", "tests\WebApiContrib.Core.MessagePack.Tests\WebApiContrib.Core.MessagePack.Tests.csproj", "{A93815F3-F713-4648-8AE3-A6676F66523A}"
EndProject
Project("{9A19103F-16F7-4668-BE54-9A1E7A4F7556}") = "WebApiContrib.Core.Formatter.Protobuf", "src\WebApiContrib.Core.Formatter.Protobuf\WebApiContrib.Core.Formatter.Protobuf.csproj", "{2D6C001F-2154-4385-A112-DE2B1AC23220}"
EndProject
Project("{9A19103F-16F7-4668-BE54-9A1E7A4F7556}") = "WebApiContrib.Core.Protobuf.Tests", "tests\WebApiContrib.Core.Protobuf.Tests\WebApiContrib.Core.Protobuf.Tests.csproj", "{DA5532DB-81C4-4F39-B6F2-164ECA46292B}"
EndProject
Project("{9A19103F-16F7-4668-BE54-9A1E7A4F7556}") = "WebApiContrib.Core.Formatter.Yaml", "src\WebApiContrib.Core.Formatter.Yaml\WebApiContrib.Core.Formatter.Yaml.csproj", "{D542971E-D9D3-4E8F-A4BF-D1638D7C2613}"
EndProject
Project("{9A19103F-16F7-4668-BE54-9A1E7A4F7556}") = "WebApiContrib.Core.Yaml.Tests", "tests\WebApiContrib.Core.Yaml.Tests\WebApiContrib.Core.Yaml.Tests.csproj", "{3EC99E77-9F1E-4D43-B70B-E67C61D7E8DB}"
EndProject
Global
	GlobalSection(SolutionConfigurationPlatforms) = preSolution
		Debug|Any CPU = Debug|Any CPU
		Release|Any CPU = Release|Any CPU
	EndGlobalSection
	GlobalSection(ProjectConfigurationPlatforms) = postSolution
		{8EA9F43D-3B41-40A4-88D7-68AF33F90C55}.Debug|Any CPU.ActiveCfg = Debug|Any CPU
		{8EA9F43D-3B41-40A4-88D7-68AF33F90C55}.Debug|Any CPU.Build.0 = Debug|Any CPU
		{8EA9F43D-3B41-40A4-88D7-68AF33F90C55}.Release|Any CPU.ActiveCfg = Release|Any CPU
		{8EA9F43D-3B41-40A4-88D7-68AF33F90C55}.Release|Any CPU.Build.0 = Release|Any CPU
		{FCB0F13A-B412-4340-B077-D3E7A60A9DD7}.Debug|Any CPU.ActiveCfg = Debug|Any CPU
		{FCB0F13A-B412-4340-B077-D3E7A60A9DD7}.Debug|Any CPU.Build.0 = Debug|Any CPU
		{FCB0F13A-B412-4340-B077-D3E7A60A9DD7}.Release|Any CPU.ActiveCfg = Release|Any CPU
		{FCB0F13A-B412-4340-B077-D3E7A60A9DD7}.Release|Any CPU.Build.0 = Release|Any CPU
		{8571D8F9-0847-46C8-A794-845B331982B7}.Debug|Any CPU.ActiveCfg = Debug|Any CPU
		{8571D8F9-0847-46C8-A794-845B331982B7}.Debug|Any CPU.Build.0 = Debug|Any CPU
		{8571D8F9-0847-46C8-A794-845B331982B7}.Release|Any CPU.ActiveCfg = Release|Any CPU
		{8571D8F9-0847-46C8-A794-845B331982B7}.Release|Any CPU.Build.0 = Release|Any CPU
		{3751E3BA-0333-4240-899F-2607FB83AB0D}.Debug|Any CPU.ActiveCfg = Debug|Any CPU
		{3751E3BA-0333-4240-899F-2607FB83AB0D}.Debug|Any CPU.Build.0 = Debug|Any CPU
		{3751E3BA-0333-4240-899F-2607FB83AB0D}.Release|Any CPU.ActiveCfg = Release|Any CPU
		{3751E3BA-0333-4240-899F-2607FB83AB0D}.Release|Any CPU.Build.0 = Release|Any CPU
		{1AEA74F2-9B85-48EB-B52F-71C3A2B22F4C}.Debug|Any CPU.ActiveCfg = Debug|Any CPU
		{1AEA74F2-9B85-48EB-B52F-71C3A2B22F4C}.Debug|Any CPU.Build.0 = Debug|Any CPU
		{1AEA74F2-9B85-48EB-B52F-71C3A2B22F4C}.Release|Any CPU.ActiveCfg = Release|Any CPU
		{1AEA74F2-9B85-48EB-B52F-71C3A2B22F4C}.Release|Any CPU.Build.0 = Release|Any CPU
		{701AE438-3E82-463F-8C9B-FE5DE7D2A7B1}.Debug|Any CPU.ActiveCfg = Debug|Any CPU
		{701AE438-3E82-463F-8C9B-FE5DE7D2A7B1}.Debug|Any CPU.Build.0 = Debug|Any CPU
		{701AE438-3E82-463F-8C9B-FE5DE7D2A7B1}.Release|Any CPU.ActiveCfg = Release|Any CPU
		{701AE438-3E82-463F-8C9B-FE5DE7D2A7B1}.Release|Any CPU.Build.0 = Release|Any CPU
		{CD70A2EC-5A70-4C34-9B89-328F906BEE2B}.Debug|Any CPU.ActiveCfg = Debug|Any CPU
		{CD70A2EC-5A70-4C34-9B89-328F906BEE2B}.Debug|Any CPU.Build.0 = Debug|Any CPU
		{CD70A2EC-5A70-4C34-9B89-328F906BEE2B}.Release|Any CPU.ActiveCfg = Release|Any CPU
		{CD70A2EC-5A70-4C34-9B89-328F906BEE2B}.Release|Any CPU.Build.0 = Release|Any CPU
		{8179D011-CED0-40FB-98FA-86326A0F8055}.Debug|Any CPU.ActiveCfg = Debug|Any CPU
		{8179D011-CED0-40FB-98FA-86326A0F8055}.Debug|Any CPU.Build.0 = Debug|Any CPU
		{8179D011-CED0-40FB-98FA-86326A0F8055}.Release|Any CPU.ActiveCfg = Release|Any CPU
		{8179D011-CED0-40FB-98FA-86326A0F8055}.Release|Any CPU.Build.0 = Release|Any CPU
		{31DA6013-7513-41FC-A5FE-0FB444FBAB9C}.Debug|Any CPU.ActiveCfg = Debug|Any CPU
		{31DA6013-7513-41FC-A5FE-0FB444FBAB9C}.Debug|Any CPU.Build.0 = Debug|Any CPU
		{31DA6013-7513-41FC-A5FE-0FB444FBAB9C}.Release|Any CPU.ActiveCfg = Release|Any CPU
		{31DA6013-7513-41FC-A5FE-0FB444FBAB9C}.Release|Any CPU.Build.0 = Release|Any CPU
		{3EBC421E-AFA7-47F8-B508-80948BBC448A}.Debug|Any CPU.ActiveCfg = Debug|Any CPU
		{3EBC421E-AFA7-47F8-B508-80948BBC448A}.Debug|Any CPU.Build.0 = Debug|Any CPU
		{3EBC421E-AFA7-47F8-B508-80948BBC448A}.Release|Any CPU.ActiveCfg = Release|Any CPU
		{3EBC421E-AFA7-47F8-B508-80948BBC448A}.Release|Any CPU.Build.0 = Release|Any CPU
		{CD1A5F8F-8468-4EF1-8B3C-EF05420F43EB}.Debug|Any CPU.ActiveCfg = Debug|Any CPU
		{CD1A5F8F-8468-4EF1-8B3C-EF05420F43EB}.Debug|Any CPU.Build.0 = Debug|Any CPU
		{CD1A5F8F-8468-4EF1-8B3C-EF05420F43EB}.Release|Any CPU.ActiveCfg = Release|Any CPU
		{CD1A5F8F-8468-4EF1-8B3C-EF05420F43EB}.Release|Any CPU.Build.0 = Release|Any CPU
		{5A3DF1EA-4553-4370-8CD2-6C341CA80755}.Debug|Any CPU.ActiveCfg = Debug|Any CPU
		{5A3DF1EA-4553-4370-8CD2-6C341CA80755}.Debug|Any CPU.Build.0 = Debug|Any CPU
		{5A3DF1EA-4553-4370-8CD2-6C341CA80755}.Release|Any CPU.ActiveCfg = Release|Any CPU
		{5A3DF1EA-4553-4370-8CD2-6C341CA80755}.Release|Any CPU.Build.0 = Release|Any CPU
		{720B3330-2C57-4D67-9D84-5DC76412F169}.Debug|Any CPU.ActiveCfg = Debug|Any CPU
		{720B3330-2C57-4D67-9D84-5DC76412F169}.Debug|Any CPU.Build.0 = Debug|Any CPU
		{720B3330-2C57-4D67-9D84-5DC76412F169}.Release|Any CPU.ActiveCfg = Release|Any CPU
		{720B3330-2C57-4D67-9D84-5DC76412F169}.Release|Any CPU.Build.0 = Release|Any CPU
		{F9AE291E-A6BD-4F53-A73F-678FE0D5BF72}.Debug|Any CPU.ActiveCfg = Debug|Any CPU
		{F9AE291E-A6BD-4F53-A73F-678FE0D5BF72}.Debug|Any CPU.Build.0 = Debug|Any CPU
		{F9AE291E-A6BD-4F53-A73F-678FE0D5BF72}.Release|Any CPU.ActiveCfg = Release|Any CPU
		{F9AE291E-A6BD-4F53-A73F-678FE0D5BF72}.Release|Any CPU.Build.0 = Release|Any CPU
		{3265E2B5-6679-49F0-8983-B120DE9C8C16}.Debug|Any CPU.ActiveCfg = Debug|Any CPU
		{3265E2B5-6679-49F0-8983-B120DE9C8C16}.Debug|Any CPU.Build.0 = Debug|Any CPU
		{3265E2B5-6679-49F0-8983-B120DE9C8C16}.Release|Any CPU.ActiveCfg = Release|Any CPU
		{3265E2B5-6679-49F0-8983-B120DE9C8C16}.Release|Any CPU.Build.0 = Release|Any CPU
		{3C24815E-A771-4AAC-BB4B-9C1E8A176899}.Debug|Any CPU.ActiveCfg = Debug|Any CPU
		{3C24815E-A771-4AAC-BB4B-9C1E8A176899}.Debug|Any CPU.Build.0 = Debug|Any CPU
		{3C24815E-A771-4AAC-BB4B-9C1E8A176899}.Release|Any CPU.ActiveCfg = Release|Any CPU
		{3C24815E-A771-4AAC-BB4B-9C1E8A176899}.Release|Any CPU.Build.0 = Release|Any CPU
		{C5FC3D1B-B331-427C-949B-790A3B66948A}.Debug|Any CPU.ActiveCfg = Debug|Any CPU
		{C5FC3D1B-B331-427C-949B-790A3B66948A}.Debug|Any CPU.Build.0 = Debug|Any CPU
		{C5FC3D1B-B331-427C-949B-790A3B66948A}.Release|Any CPU.ActiveCfg = Release|Any CPU
		{C5FC3D1B-B331-427C-949B-790A3B66948A}.Release|Any CPU.Build.0 = Release|Any CPU
		{A93815F3-F713-4648-8AE3-A6676F66523A}.Debug|Any CPU.ActiveCfg = Debug|Any CPU
		{A93815F3-F713-4648-8AE3-A6676F66523A}.Debug|Any CPU.Build.0 = Debug|Any CPU
		{A93815F3-F713-4648-8AE3-A6676F66523A}.Release|Any CPU.ActiveCfg = Release|Any CPU
		{A93815F3-F713-4648-8AE3-A6676F66523A}.Release|Any CPU.Build.0 = Release|Any CPU
		{2D6C001F-2154-4385-A112-DE2B1AC23220}.Debug|Any CPU.ActiveCfg = Debug|Any CPU
		{2D6C001F-2154-4385-A112-DE2B1AC23220}.Debug|Any CPU.Build.0 = Debug|Any CPU
		{2D6C001F-2154-4385-A112-DE2B1AC23220}.Release|Any CPU.ActiveCfg = Release|Any CPU
		{2D6C001F-2154-4385-A112-DE2B1AC23220}.Release|Any CPU.Build.0 = Release|Any CPU
		{DA5532DB-81C4-4F39-B6F2-164ECA46292B}.Debug|Any CPU.ActiveCfg = Debug|Any CPU
		{DA5532DB-81C4-4F39-B6F2-164ECA46292B}.Debug|Any CPU.Build.0 = Debug|Any CPU
		{DA5532DB-81C4-4F39-B6F2-164ECA46292B}.Release|Any CPU.ActiveCfg = Release|Any CPU
		{DA5532DB-81C4-4F39-B6F2-164ECA46292B}.Release|Any CPU.Build.0 = Release|Any CPU
		{D542971E-D9D3-4E8F-A4BF-D1638D7C2613}.Debug|Any CPU.ActiveCfg = Debug|Any CPU
		{D542971E-D9D3-4E8F-A4BF-D1638D7C2613}.Debug|Any CPU.Build.0 = Debug|Any CPU
		{D542971E-D9D3-4E8F-A4BF-D1638D7C2613}.Release|Any CPU.ActiveCfg = Release|Any CPU
		{D542971E-D9D3-4E8F-A4BF-D1638D7C2613}.Release|Any CPU.Build.0 = Release|Any CPU
		{3EC99E77-9F1E-4D43-B70B-E67C61D7E8DB}.Debug|Any CPU.ActiveCfg = Debug|Any CPU
		{3EC99E77-9F1E-4D43-B70B-E67C61D7E8DB}.Debug|Any CPU.Build.0 = Debug|Any CPU
		{3EC99E77-9F1E-4D43-B70B-E67C61D7E8DB}.Release|Any CPU.ActiveCfg = Release|Any CPU
		{3EC99E77-9F1E-4D43-B70B-E67C61D7E8DB}.Release|Any CPU.Build.0 = Release|Any CPU
	EndGlobalSection
	GlobalSection(SolutionProperties) = preSolution
		HideSolutionNode = FALSE
	EndGlobalSection
	GlobalSection(NestedProjects) = preSolution
		{A7A8D928-30D6-4497-8B7D-F233B79A2917} = {F3D3C787-7053-411A-96E3-6D4D8A11C983}
		{8EA9F43D-3B41-40A4-88D7-68AF33F90C55} = {5898776F-DBF8-4C30-85A3-66401B12016F}
		{FCB0F13A-B412-4340-B077-D3E7A60A9DD7} = {A7A8D928-30D6-4497-8B7D-F233B79A2917}
		{8571D8F9-0847-46C8-A794-845B331982B7} = {5898776F-DBF8-4C30-85A3-66401B12016F}
		{3751E3BA-0333-4240-899F-2607FB83AB0D} = {5898776F-DBF8-4C30-85A3-66401B12016F}
		{1AEA74F2-9B85-48EB-B52F-71C3A2B22F4C} = {5898776F-DBF8-4C30-85A3-66401B12016F}
		{701AE438-3E82-463F-8C9B-FE5DE7D2A7B1} = {5898776F-DBF8-4C30-85A3-66401B12016F}
		{CD70A2EC-5A70-4C34-9B89-328F906BEE2B} = {5898776F-DBF8-4C30-85A3-66401B12016F}
		{8179D011-CED0-40FB-98FA-86326A0F8055} = {EDF687E4-3843-4FB0-9CDC-775E3594D384}
		{31DA6013-7513-41FC-A5FE-0FB444FBAB9C} = {5898776F-DBF8-4C30-85A3-66401B12016F}
		{3EBC421E-AFA7-47F8-B508-80948BBC448A} = {5898776F-DBF8-4C30-85A3-66401B12016F}
		{CD1A5F8F-8468-4EF1-8B3C-EF05420F43EB} = {5898776F-DBF8-4C30-85A3-66401B12016F}
		{5A3DF1EA-4553-4370-8CD2-6C341CA80755} = {EDF687E4-3843-4FB0-9CDC-775E3594D384}
		{720B3330-2C57-4D67-9D84-5DC76412F169} = {5898776F-DBF8-4C30-85A3-66401B12016F}
		{F9AE291E-A6BD-4F53-A73F-678FE0D5BF72} = {EDF687E4-3843-4FB0-9CDC-775E3594D384}
		{3265E2B5-6679-49F0-8983-B120DE9C8C16} = {5898776F-DBF8-4C30-85A3-66401B12016F}
		{3C24815E-A771-4AAC-BB4B-9C1E8A176899} = {5898776F-DBF8-4C30-85A3-66401B12016F}
		{C5FC3D1B-B331-427C-949B-790A3B66948A} = {5898776F-DBF8-4C30-85A3-66401B12016F}
		{A93815F3-F713-4648-8AE3-A6676F66523A} = {A7A8D928-30D6-4497-8B7D-F233B79A2917}
		{2D6C001F-2154-4385-A112-DE2B1AC23220} = {5898776F-DBF8-4C30-85A3-66401B12016F}
		{DA5532DB-81C4-4F39-B6F2-164ECA46292B} = {A7A8D928-30D6-4497-8B7D-F233B79A2917}
		{D542971E-D9D3-4E8F-A4BF-D1638D7C2613} = {5898776F-DBF8-4C30-85A3-66401B12016F}
		{3EC99E77-9F1E-4D43-B70B-E67C61D7E8DB} = {A7A8D928-30D6-4497-8B7D-F233B79A2917}
	EndGlobalSection
EndGlobal
