
Microsoft Visual Studio Solution File, Format Version 12.00
# Visual Studio 14
VisualStudioVersion = 14.0.25420.1
MinimumVisualStudioVersion = 10.0.40219.1
Project("{2150E333-8FDC-42A3-9474-1A3956D46DE8}") = "01. Core", "01. Core", "{5898776F-DBF8-4C30-85A3-66401B12016F}"
EndProject
Project("{2150E333-8FDC-42A3-9474-1A3956D46DE8}") = "02. Tests", "02. Tests", "{F3D3C787-7053-411A-96E3-6D4D8A11C983}"
EndProject
Project("{2150E333-8FDC-42A3-9474-1A3956D46DE8}") = "01. Unit Tests", "01. Unit Tests", "{A7A8D928-30D6-4497-8B7D-F233B79A2917}"
EndProject
Project("{2150E333-8FDC-42A3-9474-1A3956D46DE8}") = "02. Integration Tests", "02. Integration Tests", "{A98104E8-D149-44EA-AE61-8E2A350B6D91}"
EndProject
Project("{8BB2217D-0F2D-49D1-97BC-3654ED321F3B}") = "WebApiContrib.Core.Concurrency", "src\WebApiContrib.Core.Concurrency\WebApiContrib.Core.Concurrency.xproj", "{8EA9F43D-3B41-40A4-88D7-68AF33F90C55}"
EndProject
Project("{8BB2217D-0F2D-49D1-97BC-3654ED321F3B}") = "WebApiContrib.Core.Concurrency.Tests", "tests\WebApiContrib.Core.Concurrency.Tests\WebApiContrib.Core.Concurrency.Tests.xproj", "{FCB0F13A-B412-4340-B077-D3E7A60A9DD7}"
EndProject
Project("{8BB2217D-0F2D-49D1-97BC-3654ED321F3B}") = "WebApiContrib.Core.Concurrency.Integration.Tests", "tests\WebApiContrib.Core.Concurrency.Integration.Tests\WebApiContrib.Core.Concurrency.Integration.Tests.xproj", "{04380244-C141-4760-AD83-5854E728C21F}"
EndProject
Project("{8BB2217D-0F2D-49D1-97BC-3654ED321F3B}") = "WebApiContrib.Core.Concurrency.Redis", "src\WebApiContrib.Core.Concurrency.Redis\WebApiContrib.Core.Concurrency.Redis.xproj", "{8571D8F9-0847-46C8-A794-845B331982B7}"
EndProject
Project("{2150E333-8FDC-42A3-9474-1A3956D46DE8}") = "03. ThirdParties", "03. ThirdParties", "{FA211DF3-D9A7-431A-B239-8B448021CEBA}"
EndProject
Project("{8BB2217D-0F2D-49D1-97BC-3654ED321F3B}") = "Microsoft.Extensions.Caching.Redis", "other\Microsoft.Extensions.Caching.Redis\Microsoft.Extensions.Caching.Redis.xproj", "{02E23070-947C-4438-8E50-CC2456D237BA}"
EndProject
Project("{8BB2217D-0F2D-49D1-97BC-3654ED321F3B}") = "WebApiContrib.Core.Concurrency.SqlServer", "src\WebApiContrib.Core.Concurrency.SqlServer\WebApiContrib.Core.Concurrency.SqlServer.xproj", "{3751E3BA-0333-4240-899F-2607FB83AB0D}"
EndProject
Project("{8BB2217D-0F2D-49D1-97BC-3654ED321F3B}") = "WebApiContrib.Core.Formatter.Bson", "src\WebApiContrib.Core.Formatter.Bson\WebApiContrib.Core.Formatter.Bson.xproj", "{1AEA74F2-9B85-48EB-B52F-71C3A2B22F4C}"
EndProject
Project("{8BB2217D-0F2D-49D1-97BC-3654ED321F3B}") = "WebApiContrib.Core.Formatter.Integration.Tests", "tests\WebApiContrib.Core.Formatter.Integration.Tests\WebApiContrib.Core.Formatter.Integration.Tests.xproj", "{1E281A68-6516-43F0-B444-93EF34D8A02D}"
EndProject
Project("{8BB2217D-0F2D-49D1-97BC-3654ED321F3B}") = "WebApiContrib.Core", "src\WebApiContrib.Core\WebApiContrib.Core.xproj", "{701AE438-3E82-463F-8C9B-FE5DE7D2A7B1}"
EndProject
Project("{2150E333-8FDC-42A3-9474-1A3956D46DE8}") = "samples", "samples", "{EDF687E4-3843-4FB0-9CDC-775E3594D384}"
EndProject
Project("{8BB2217D-0F2D-49D1-97BC-3654ED321F3B}") = "WebApiContrib.Core.Formatter.Csv", "src\WebApiContrib.Core.Formatter.Csv\WebApiContrib.Core.Formatter.Csv.xproj", "{CD70A2EC-5A70-4C34-9B89-328F906BEE2B}"
EndProject
Project("{8BB2217D-0F2D-49D1-97BC-3654ED321F3B}") = "WebApiContrib.Core.Samples", "samples\WebApiContrib.Core.Samples\WebApiContrib.Core.Samples.xproj", "{8179D011-CED0-40FB-98FA-86326A0F8055}"
EndProject
Project("{8BB2217D-0F2D-49D1-97BC-3654ED321F3B}") = "WebApiContrib.Core.Formatter.PlainText", "src\WebApiContrib.Core.Formatter.PlainText\WebApiContrib.Core.Formatter.PlainText.xproj", "{31DA6013-7513-41FC-A5FE-0FB444FBAB9C}"
EndProject
Project("{8BB2217D-0F2D-49D1-97BC-3654ED321F3B}") = "WebApiContrib.Core.TagHelpers.Markdown", "src\WebApiContrib.Core.TagHelpers.Markdown\WebApiContrib.Core.TagHelpers.Markdown.xproj", "{3EBC421E-AFA7-47F8-B508-80948BBC448A}"
EndProject
Project("{8BB2217D-0F2D-49D1-97BC-3654ED321F3B}") = "WebApiContrib.Core.Formatter.Jsonp", "src\WebApiContrib.Core.Formatter.Jsonp\WebApiContrib.Core.Formatter.Jsonp.xproj", "{CD1A5F8F-8468-4EF1-8B3C-EF05420F43EB}"
EndProject
Project("{8BB2217D-0F2D-49D1-97BC-3654ED321F3B}") = "WebApiContrib.Core.Samples.Formatter.Jsonp.JQueryClient", "samples\WebApiContrib.Core.Samples.Formatter.Jsonp.JQueryClient\WebApiContrib.Core.Samples.Formatter.Jsonp.JQueryClient.xproj", "{5A3DF1EA-4553-4370-8CD2-6C341CA80755}"
EndProject
Project("{8BB2217D-0F2D-49D1-97BC-3654ED321F3B}") = "WebApiContrib.Core.WebPages", "src\WebApiContrib.Core.WebPages\WebApiContrib.Core.WebPages.xproj", "{720B3330-2C57-4D67-9D84-5DC76412F169}"
EndProject
Project("{8BB2217D-0F2D-49D1-97BC-3654ED321F3B}") = "WebApiContrib.Core.WebPages.Samples", "samples\WebApiContrib.Core.WebPages.Samples\WebApiContrib.Core.WebPages.Samples.xproj", "{F9AE291E-A6BD-4F53-A73F-678FE0D5BF72}"
EndProject
Global
	GlobalSection(SolutionConfigurationPlatforms) = preSolution
		Debug|Any CPU = Debug|Any CPU
		Release|Any CPU = Release|Any CPU
	EndGlobalSection
	GlobalSection(ProjectConfigurationPlatforms) = postSolution
		{8EA9F43D-3B41-40A4-88D7-68AF33F90C55}.Debug|Any CPU.ActiveCfg = Debug|Any CPU
		{8EA9F43D-3B41-40A4-88D7-68AF33F90C55}.Debug|Any CPU.Build.0 = Debug|Any CPU
		{8EA9F43D-3B41-40A4-88D7-68AF33F90C55}.Release|Any CPU.ActiveCfg = Release|Any CPU
		{8EA9F43D-3B41-40A4-88D7-68AF33F90C55}.Release|Any CPU.Build.0 = Release|Any CPU
		{FCB0F13A-B412-4340-B077-D3E7A60A9DD7}.Debug|Any CPU.ActiveCfg = Debug|Any CPU
		{FCB0F13A-B412-4340-B077-D3E7A60A9DD7}.Debug|Any CPU.Build.0 = Debug|Any CPU
		{FCB0F13A-B412-4340-B077-D3E7A60A9DD7}.Release|Any CPU.ActiveCfg = Release|Any CPU
		{FCB0F13A-B412-4340-B077-D3E7A60A9DD7}.Release|Any CPU.Build.0 = Release|Any CPU
		{04380244-C141-4760-AD83-5854E728C21F}.Debug|Any CPU.ActiveCfg = Debug|Any CPU
		{04380244-C141-4760-AD83-5854E728C21F}.Debug|Any CPU.Build.0 = Debug|Any CPU
		{04380244-C141-4760-AD83-5854E728C21F}.Release|Any CPU.ActiveCfg = Release|Any CPU
		{04380244-C141-4760-AD83-5854E728C21F}.Release|Any CPU.Build.0 = Release|Any CPU
		{8571D8F9-0847-46C8-A794-845B331982B7}.Debug|Any CPU.ActiveCfg = Debug|Any CPU
		{8571D8F9-0847-46C8-A794-845B331982B7}.Debug|Any CPU.Build.0 = Debug|Any CPU
		{8571D8F9-0847-46C8-A794-845B331982B7}.Release|Any CPU.ActiveCfg = Release|Any CPU
		{8571D8F9-0847-46C8-A794-845B331982B7}.Release|Any CPU.Build.0 = Release|Any CPU
		{02E23070-947C-4438-8E50-CC2456D237BA}.Debug|Any CPU.ActiveCfg = Debug|Any CPU
		{02E23070-947C-4438-8E50-CC2456D237BA}.Debug|Any CPU.Build.0 = Debug|Any CPU
		{02E23070-947C-4438-8E50-CC2456D237BA}.Release|Any CPU.ActiveCfg = Release|Any CPU
		{02E23070-947C-4438-8E50-CC2456D237BA}.Release|Any CPU.Build.0 = Release|Any CPU
		{3751E3BA-0333-4240-899F-2607FB83AB0D}.Debug|Any CPU.ActiveCfg = Debug|Any CPU
		{3751E3BA-0333-4240-899F-2607FB83AB0D}.Debug|Any CPU.Build.0 = Debug|Any CPU
		{3751E3BA-0333-4240-899F-2607FB83AB0D}.Release|Any CPU.ActiveCfg = Release|Any CPU
		{3751E3BA-0333-4240-899F-2607FB83AB0D}.Release|Any CPU.Build.0 = Release|Any CPU
		{1AEA74F2-9B85-48EB-B52F-71C3A2B22F4C}.Debug|Any CPU.ActiveCfg = Debug|Any CPU
		{1AEA74F2-9B85-48EB-B52F-71C3A2B22F4C}.Debug|Any CPU.Build.0 = Debug|Any CPU
		{1AEA74F2-9B85-48EB-B52F-71C3A2B22F4C}.Release|Any CPU.ActiveCfg = Release|Any CPU
		{1AEA74F2-9B85-48EB-B52F-71C3A2B22F4C}.Release|Any CPU.Build.0 = Release|Any CPU
		{1E281A68-6516-43F0-B444-93EF34D8A02D}.Debug|Any CPU.ActiveCfg = Debug|Any CPU
		{1E281A68-6516-43F0-B444-93EF34D8A02D}.Debug|Any CPU.Build.0 = Debug|Any CPU
		{1E281A68-6516-43F0-B444-93EF34D8A02D}.Release|Any CPU.ActiveCfg = Release|Any CPU
		{1E281A68-6516-43F0-B444-93EF34D8A02D}.Release|Any CPU.Build.0 = Release|Any CPU
		{701AE438-3E82-463F-8C9B-FE5DE7D2A7B1}.Debug|Any CPU.ActiveCfg = Debug|Any CPU
		{701AE438-3E82-463F-8C9B-FE5DE7D2A7B1}.Debug|Any CPU.Build.0 = Debug|Any CPU
		{701AE438-3E82-463F-8C9B-FE5DE7D2A7B1}.Release|Any CPU.ActiveCfg = Release|Any CPU
		{701AE438-3E82-463F-8C9B-FE5DE7D2A7B1}.Release|Any CPU.Build.0 = Release|Any CPU
		{CD70A2EC-5A70-4C34-9B89-328F906BEE2B}.Debug|Any CPU.ActiveCfg = Debug|Any CPU
		{CD70A2EC-5A70-4C34-9B89-328F906BEE2B}.Debug|Any CPU.Build.0 = Debug|Any CPU
		{CD70A2EC-5A70-4C34-9B89-328F906BEE2B}.Release|Any CPU.ActiveCfg = Release|Any CPU
		{CD70A2EC-5A70-4C34-9B89-328F906BEE2B}.Release|Any CPU.Build.0 = Release|Any CPU
		{8179D011-CED0-40FB-98FA-86326A0F8055}.Debug|Any CPU.ActiveCfg = Debug|Any CPU
		{8179D011-CED0-40FB-98FA-86326A0F8055}.Debug|Any CPU.Build.0 = Debug|Any CPU
		{8179D011-CED0-40FB-98FA-86326A0F8055}.Release|Any CPU.ActiveCfg = Release|Any CPU
		{8179D011-CED0-40FB-98FA-86326A0F8055}.Release|Any CPU.Build.0 = Release|Any CPU
		{31DA6013-7513-41FC-A5FE-0FB444FBAB9C}.Debug|Any CPU.ActiveCfg = Debug|Any CPU
		{31DA6013-7513-41FC-A5FE-0FB444FBAB9C}.Debug|Any CPU.Build.0 = Debug|Any CPU
		{31DA6013-7513-41FC-A5FE-0FB444FBAB9C}.Release|Any CPU.ActiveCfg = Release|Any CPU
		{31DA6013-7513-41FC-A5FE-0FB444FBAB9C}.Release|Any CPU.Build.0 = Release|Any CPU
		{3EBC421E-AFA7-47F8-B508-80948BBC448A}.Debug|Any CPU.ActiveCfg = Debug|Any CPU
		{3EBC421E-AFA7-47F8-B508-80948BBC448A}.Debug|Any CPU.Build.0 = Debug|Any CPU
		{3EBC421E-AFA7-47F8-B508-80948BBC448A}.Release|Any CPU.ActiveCfg = Release|Any CPU
		{3EBC421E-AFA7-47F8-B508-80948BBC448A}.Release|Any CPU.Build.0 = Release|Any CPU
		{CD1A5F8F-8468-4EF1-8B3C-EF05420F43EB}.Debug|Any CPU.ActiveCfg = Debug|Any CPU
		{CD1A5F8F-8468-4EF1-8B3C-EF05420F43EB}.Debug|Any CPU.Build.0 = Debug|Any CPU
		{CD1A5F8F-8468-4EF1-8B3C-EF05420F43EB}.Release|Any CPU.ActiveCfg = Release|Any CPU
		{CD1A5F8F-8468-4EF1-8B3C-EF05420F43EB}.Release|Any CPU.Build.0 = Release|Any CPU
		{5A3DF1EA-4553-4370-8CD2-6C341CA80755}.Debug|Any CPU.ActiveCfg = Debug|Any CPU
		{5A3DF1EA-4553-4370-8CD2-6C341CA80755}.Debug|Any CPU.Build.0 = Debug|Any CPU
		{5A3DF1EA-4553-4370-8CD2-6C341CA80755}.Release|Any CPU.ActiveCfg = Release|Any CPU
		{5A3DF1EA-4553-4370-8CD2-6C341CA80755}.Release|Any CPU.Build.0 = Release|Any CPU
		{720B3330-2C57-4D67-9D84-5DC76412F169}.Debug|Any CPU.ActiveCfg = Debug|Any CPU
		{720B3330-2C57-4D67-9D84-5DC76412F169}.Debug|Any CPU.Build.0 = Debug|Any CPU
		{720B3330-2C57-4D67-9D84-5DC76412F169}.Release|Any CPU.ActiveCfg = Release|Any CPU
		{720B3330-2C57-4D67-9D84-5DC76412F169}.Release|Any CPU.Build.0 = Release|Any CPU
		{F9AE291E-A6BD-4F53-A73F-678FE0D5BF72}.Debug|Any CPU.ActiveCfg = Debug|Any CPU
		{F9AE291E-A6BD-4F53-A73F-678FE0D5BF72}.Debug|Any CPU.Build.0 = Debug|Any CPU
		{F9AE291E-A6BD-4F53-A73F-678FE0D5BF72}.Release|Any CPU.ActiveCfg = Release|Any CPU
		{F9AE291E-A6BD-4F53-A73F-678FE0D5BF72}.Release|Any CPU.Build.0 = Release|Any CPU
	EndGlobalSection
	GlobalSection(SolutionProperties) = preSolution
		HideSolutionNode = FALSE
	EndGlobalSection
	GlobalSection(NestedProjects) = preSolution
		{A7A8D928-30D6-4497-8B7D-F233B79A2917} = {F3D3C787-7053-411A-96E3-6D4D8A11C983}
		{A98104E8-D149-44EA-AE61-8E2A350B6D91} = {F3D3C787-7053-411A-96E3-6D4D8A11C983}
		{8EA9F43D-3B41-40A4-88D7-68AF33F90C55} = {5898776F-DBF8-4C30-85A3-66401B12016F}
		{FCB0F13A-B412-4340-B077-D3E7A60A9DD7} = {A7A8D928-30D6-4497-8B7D-F233B79A2917}
		{04380244-C141-4760-AD83-5854E728C21F} = {A98104E8-D149-44EA-AE61-8E2A350B6D91}
		{8571D8F9-0847-46C8-A794-845B331982B7} = {5898776F-DBF8-4C30-85A3-66401B12016F}
		{02E23070-947C-4438-8E50-CC2456D237BA} = {FA211DF3-D9A7-431A-B239-8B448021CEBA}
		{3751E3BA-0333-4240-899F-2607FB83AB0D} = {5898776F-DBF8-4C30-85A3-66401B12016F}
		{1AEA74F2-9B85-48EB-B52F-71C3A2B22F4C} = {5898776F-DBF8-4C30-85A3-66401B12016F}
		{1E281A68-6516-43F0-B444-93EF34D8A02D} = {A98104E8-D149-44EA-AE61-8E2A350B6D91}
		{701AE438-3E82-463F-8C9B-FE5DE7D2A7B1} = {5898776F-DBF8-4C30-85A3-66401B12016F}
		{CD70A2EC-5A70-4C34-9B89-328F906BEE2B} = {5898776F-DBF8-4C30-85A3-66401B12016F}
		{8179D011-CED0-40FB-98FA-86326A0F8055} = {EDF687E4-3843-4FB0-9CDC-775E3594D384}
		{31DA6013-7513-41FC-A5FE-0FB444FBAB9C} = {5898776F-DBF8-4C30-85A3-66401B12016F}
		{3EBC421E-AFA7-47F8-B508-80948BBC448A} = {5898776F-DBF8-4C30-85A3-66401B12016F}
		{CD1A5F8F-8468-4EF1-8B3C-EF05420F43EB} = {5898776F-DBF8-4C30-85A3-66401B12016F}
		{5A3DF1EA-4553-4370-8CD2-6C341CA80755} = {EDF687E4-3843-4FB0-9CDC-775E3594D384}
		{720B3330-2C57-4D67-9D84-5DC76412F169} = {5898776F-DBF8-4C30-85A3-66401B12016F}
		{F9AE291E-A6BD-4F53-A73F-678FE0D5BF72} = {EDF687E4-3843-4FB0-9CDC-775E3594D384}
	EndGlobalSection
EndGlobal
